
Microsoft Visual Studio Solution File, Format Version 12.00
# Visual Studio Version 16
VisualStudioVersion = 16.0.31129.286
MinimumVisualStudioVersion = 10.0.40219.1
Project("{FAE04EC0-301F-11D3-BF4B-00C04F79EFBC}") = "ATGCCoder", "ATGCCoder.csproj", "{4818C0BC-F9DF-4FA6-BBF5-99F811178C8D}"
EndProject
Global
	GlobalSection(SolutionConfigurationPlatforms) = preSolution
		Debug|Any CPU = Debug|Any CPU
		Debug|x64 = Debug|x64
		Release|Any CPU = Release|Any CPU
		Release|x64 = Release|x64
	EndGlobalSection
	GlobalSection(ProjectConfigurationPlatforms) = postSolution
		{4818C0BC-F9DF-4FA6-BBF5-99F811178C8D}.Debug|Any CPU.ActiveCfg = Debug|Any CPU
		{4818C0BC-F9DF-4FA6-BBF5-99F811178C8D}.Debug|Any CPU.Build.0 = Debug|Any CPU
		{4818C0BC-F9DF-4FA6-BBF5-99F811178C8D}.Debug|x64.ActiveCfg = Debug|x64
		{4818C0BC-F9DF-4FA6-BBF5-99F811178C8D}.Debug|x64.Build.0 = Debug|x64
		{4818C0BC-F9DF-4FA6-BBF5-99F811178C8D}.Release|Any CPU.ActiveCfg = Release|Any CPU
		{4818C0BC-F9DF-4FA6-BBF5-99F811178C8D}.Release|Any CPU.Build.0 = Release|Any CPU
		{4818C0BC-F9DF-4FA6-BBF5-99F811178C8D}.Release|x64.ActiveCfg = Release|x64
		{4818C0BC-F9DF-4FA6-BBF5-99F811178C8D}.Release|x64.Build.0 = Release|x64
	EndGlobalSection
	GlobalSection(SolutionProperties) = preSolution
		HideSolutionNode = FALSE
	EndGlobalSection
	GlobalSection(ExtensibilityGlobals) = postSolution
		SolutionGuid = {4D25D704-4391-45AB-B474-24CE3E23632A}
	EndGlobalSection
EndGlobal
